// !$*UTF8*$!
{
	archiveVersion = 1;
	classes = {
	};
	objectVersion = 48;
	objects = {

/* Begin PBXBuildFile section */
		24FE14E62004A7D800923E50 /* AppDelegate.swift in Sources */ = {isa = PBXBuildFile; fileRef = 24FE14E52004A7D800923E50 /* AppDelegate.swift */; };
		24FE14E82004A7D800923E50 /* ViewController.swift in Sources */ = {isa = PBXBuildFile; fileRef = 24FE14E72004A7D800923E50 /* ViewController.swift */; };
		24FE14EB2004A7D800923E50 /* Main.storyboard in Resources */ = {isa = PBXBuildFile; fileRef = 24FE14E92004A7D800923E50 /* Main.storyboard */; };
		24FE14ED2004A7D800923E50 /* Assets.xcassets in Resources */ = {isa = PBXBuildFile; fileRef = 24FE14EC2004A7D800923E50 /* Assets.xcassets */; };
		24FE14F02004A7D800923E50 /* LaunchScreen.storyboard in Resources */ = {isa = PBXBuildFile; fileRef = 24FE14EE2004A7D800923E50 /* LaunchScreen.storyboard */; };
		24FE14FB2004A7D800923E50 /* topUpNpTests.swift in Sources */ = {isa = PBXBuildFile; fileRef = 24FE14FA2004A7D800923E50 /* topUpNpTests.swift */; };
		24FE15062004A7D800923E50 /* topUpNpUITests.swift in Sources */ = {isa = PBXBuildFile; fileRef = 24FE15052004A7D800923E50 /* topUpNpUITests.swift */; };
/* End PBXBuildFile section */

/* Begin PBXContainerItemProxy section */
		24FE14F72004A7D800923E50 /* PBXContainerItemProxy */ = {
			isa = PBXContainerItemProxy;
			containerPortal = 24FE14DA2004A7D800923E50 /* Project object */;
			proxyType = 1;
			remoteGlobalIDString = 24FE14E12004A7D800923E50;
			remoteInfo = topUpNp;
		};
		24FE15022004A7D800923E50 /* PBXContainerItemProxy */ = {
			isa = PBXContainerItemProxy;
			containerPortal = 24FE14DA2004A7D800923E50 /* Project object */;
			proxyType = 1;
			remoteGlobalIDString = 24FE14E12004A7D800923E50;
			remoteInfo = topUpNp;
		};
/* End PBXContainerItemProxy section */

/* Begin PBXFileReference section */
		24FE14E22004A7D800923E50 /* topUpNp.app */ = {isa = PBXFileReference; explicitFileType = wrapper.application; includeInIndex = 0; path = topUpNp.app; sourceTree = BUILT_PRODUCTS_DIR; };
		24FE14E52004A7D800923E50 /* AppDelegate.swift */ = {isa = PBXFileReference; lastKnownFileType = sourcecode.swift; path = AppDelegate.swift; sourceTree = "<group>"; };
		24FE14E72004A7D800923E50 /* ViewController.swift */ = {isa = PBXFileReference; lastKnownFileType = sourcecode.swift; path = ViewController.swift; sourceTree = "<group>"; };
		24FE14EA2004A7D800923E50 /* Base */ = {isa = PBXFileReference; lastKnownFileType = file.storyboard; name = Base; path = Base.lproj/Main.storyboard; sourceTree = "<group>"; };
		24FE14EC2004A7D800923E50 /* Assets.xcassets */ = {isa = PBXFileReference; lastKnownFileType = folder.assetcatalog; path = Assets.xcassets; sourceTree = "<group>"; };
		24FE14EF2004A7D800923E50 /* Base */ = {isa = PBXFileReference; lastKnownFileType = file.storyboard; name = Base; path = Base.lproj/LaunchScreen.storyboard; sourceTree = "<group>"; };
		24FE14F12004A7D800923E50 /* Info.plist */ = {isa = PBXFileReference; lastKnownFileType = text.plist.xml; path = Info.plist; sourceTree = "<group>"; };
		24FE14F62004A7D800923E50 /* topUpNpTests.xctest */ = {isa = PBXFileReference; explicitFileType = wrapper.cfbundle; includeInIndex = 0; path = topUpNpTests.xctest; sourceTree = BUILT_PRODUCTS_DIR; };
		24FE14FA2004A7D800923E50 /* topUpNpTests.swift */ = {isa = PBXFileReference; lastKnownFileType = sourcecode.swift; path = topUpNpTests.swift; sourceTree = "<group>"; };
		24FE14FC2004A7D800923E50 /* Info.plist */ = {isa = PBXFileReference; lastKnownFileType = text.plist.xml; path = Info.plist; sourceTree = "<group>"; };
		24FE15012004A7D800923E50 /* topUpNpUITests.xctest */ = {isa = PBXFileReference; explicitFileType = wrapper.cfbundle; includeInIndex = 0; path = topUpNpUITests.xctest; sourceTree = BUILT_PRODUCTS_DIR; };
		24FE15052004A7D800923E50 /* topUpNpUITests.swift */ = {isa = PBXFileReference; lastKnownFileType = sourcecode.swift; path = topUpNpUITests.swift; sourceTree = "<group>"; };
		24FE15072004A7D800923E50 /* Info.plist */ = {isa = PBXFileReference; lastKnownFileType = text.plist.xml; path = Info.plist; sourceTree = "<group>"; };
/* End PBXFileReference section */

/* Begin PBXFrameworksBuildPhase section */
		24FE14DF2004A7D800923E50 /* Frameworks */ = {
			isa = PBXFrameworksBuildPhase;
			buildActionMask = 2147483647;
			files = (
			);
			runOnlyForDeploymentPostprocessing = 0;
		};
		24FE14F32004A7D800923E50 /* Frameworks */ = {
			isa = PBXFrameworksBuildPhase;
			buildActionMask = 2147483647;
			files = (
			);
			runOnlyForDeploymentPostprocessing = 0;
		};
		24FE14FE2004A7D800923E50 /* Frameworks */ = {
			isa = PBXFrameworksBuildPhase;
			buildActionMask = 2147483647;
			files = (
			);
			runOnlyForDeploymentPostprocessing = 0;
		};
/* End PBXFrameworksBuildPhase section */

/* Begin PBXGroup section */
		24FE14D92004A7D800923E50 = {
			isa = PBXGroup;
			children = (
				24FE14E42004A7D800923E50 /* topUpNp */,
				24FE14F92004A7D800923E50 /* topUpNpTests */,
				24FE15042004A7D800923E50 /* topUpNpUITests */,
				24FE14E32004A7D800923E50 /* Products */,
			);
			sourceTree = "<group>";
		};
		24FE14E32004A7D800923E50 /* Products */ = {
			isa = PBXGroup;
			children = (
				24FE14E22004A7D800923E50 /* topUpNp.app */,
				24FE14F62004A7D800923E50 /* topUpNpTests.xctest */,
				24FE15012004A7D800923E50 /* topUpNpUITests.xctest */,
			);
			name = Products;
			sourceTree = "<group>";
		};
		24FE14E42004A7D800923E50 /* topUpNp */ = {
			isa = PBXGroup;
			children = (
				24FE14E52004A7D800923E50 /* AppDelegate.swift */,
				24FE14E72004A7D800923E50 /* ViewController.swift */,
				24FE14E92004A7D800923E50 /* Main.storyboard */,
				24FE14EC2004A7D800923E50 /* Assets.xcassets */,
				24FE14EE2004A7D800923E50 /* LaunchScreen.storyboard */,
				24FE14F12004A7D800923E50 /* Info.plist */,
			);
			path = topUpNp;
			sourceTree = "<group>";
		};
		24FE14F92004A7D800923E50 /* topUpNpTests */ = {
			isa = PBXGroup;
			children = (
				24FE14FA2004A7D800923E50 /* topUpNpTests.swift */,
				24FE14FC2004A7D800923E50 /* Info.plist */,
			);
			path = topUpNpTests;
			sourceTree = "<group>";
		};
		24FE15042004A7D800923E50 /* topUpNpUITests */ = {
			isa = PBXGroup;
			children = (
				24FE15052004A7D800923E50 /* topUpNpUITests.swift */,
				24FE15072004A7D800923E50 /* Info.plist */,
			);
			path = topUpNpUITests;
			sourceTree = "<group>";
		};
/* End PBXGroup section */

/* Begin PBXNativeTarget section */
		24FE14E12004A7D800923E50 /* topUpNp */ = {
			isa = PBXNativeTarget;
			buildConfigurationList = 24FE150A2004A7D800923E50 /* Build configuration list for PBXNativeTarget "topUpNp" */;
			buildPhases = (
				24FE14DE2004A7D800923E50 /* Sources */,
				24FE14DF2004A7D800923E50 /* Frameworks */,
				24FE14E02004A7D800923E50 /* Resources */,
			);
			buildRules = (
			);
			dependencies = (
			);
			name = topUpNp;
			productName = topUpNp;
			productReference = 24FE14E22004A7D800923E50 /* topUpNp.app */;
			productType = "com.apple.product-type.application";
		};
		24FE14F52004A7D800923E50 /* topUpNpTests */ = {
			isa = PBXNativeTarget;
			buildConfigurationList = 24FE150D2004A7D800923E50 /* Build configuration list for PBXNativeTarget "topUpNpTests" */;
			buildPhases = (
				24FE14F22004A7D800923E50 /* Sources */,
				24FE14F32004A7D800923E50 /* Frameworks */,
				24FE14F42004A7D800923E50 /* Resources */,
			);
			buildRules = (
			);
			dependencies = (
				24FE14F82004A7D800923E50 /* PBXTargetDependency */,
			);
			name = topUpNpTests;
			productName = topUpNpTests;
			productReference = 24FE14F62004A7D800923E50 /* topUpNpTests.xctest */;
			productType = "com.apple.product-type.bundle.unit-test";
		};
		24FE15002004A7D800923E50 /* topUpNpUITests */ = {
			isa = PBXNativeTarget;
			buildConfigurationList = 24FE15102004A7D800923E50 /* Build configuration list for PBXNativeTarget "topUpNpUITests" */;
			buildPhases = (
				24FE14FD2004A7D800923E50 /* Sources */,
				24FE14FE2004A7D800923E50 /* Frameworks */,
				24FE14FF2004A7D800923E50 /* Resources */,
			);
			buildRules = (
			);
			dependencies = (
				24FE15032004A7D800923E50 /* PBXTargetDependency */,
			);
			name = topUpNpUITests;
			productName = topUpNpUITests;
			productReference = 24FE15012004A7D800923E50 /* topUpNpUITests.xctest */;
			productType = "com.apple.product-type.bundle.ui-testing";
		};
/* End PBXNativeTarget section */

/* Begin PBXProject section */
		24FE14DA2004A7D800923E50 /* Project object */ = {
			isa = PBXProject;
			attributes = {
				LastSwiftUpdateCheck = 0900;
				LastUpgradeCheck = 0900;
				ORGANIZATIONNAME = Rojan;
				TargetAttributes = {
					24FE14E12004A7D800923E50 = {
						CreatedOnToolsVersion = 9.0;
						ProvisioningStyle = Automatic;
					};
					24FE14F52004A7D800923E50 = {
						CreatedOnToolsVersion = 9.0;
						ProvisioningStyle = Automatic;
						TestTargetID = 24FE14E12004A7D800923E50;
					};
					24FE15002004A7D800923E50 = {
						CreatedOnToolsVersion = 9.0;
						ProvisioningStyle = Automatic;
						TestTargetID = 24FE14E12004A7D800923E50;
					};
				};
			};
			buildConfigurationList = 24FE14DD2004A7D800923E50 /* Build configuration list for PBXProject "topUpNp" */;
			compatibilityVersion = "Xcode 8.0";
			developmentRegion = en;
			hasScannedForEncodings = 0;
			knownRegions = (
				en,
				Base,
			);
			mainGroup = 24FE14D92004A7D800923E50;
			productRefGroup = 24FE14E32004A7D800923E50 /* Products */;
			projectDirPath = "";
			projectRoot = "";
			targets = (
				24FE14E12004A7D800923E50 /* topUpNp */,
				24FE14F52004A7D800923E50 /* topUpNpTests */,
				24FE15002004A7D800923E50 /* topUpNpUITests */,
			);
		};
/* End PBXProject section */

/* Begin PBXResourcesBuildPhase section */
		24FE14E02004A7D800923E50 /* Resources */ = {
			isa = PBXResourcesBuildPhase;
			buildActionMask = 2147483647;
			files = (
				24FE14F02004A7D800923E50 /* LaunchScreen.storyboard in Resources */,
				24FE14ED2004A7D800923E50 /* Assets.xcassets in Resources */,
				24FE14EB2004A7D800923E50 /* Main.storyboard in Resources */,
			);
			runOnlyForDeploymentPostprocessing = 0;
		};
		24FE14F42004A7D800923E50 /* Resources */ = {
			isa = PBXResourcesBuildPhase;
			buildActionMask = 2147483647;
			files = (
			);
			runOnlyForDeploymentPostprocessing = 0;
		};
		24FE14FF2004A7D800923E50 /* Resources */ = {
			isa = PBXResourcesBuildPhase;
			buildActionMask = 2147483647;
			files = (
			);
			runOnlyForDeploymentPostprocessing = 0;
		};
/* End PBXResourcesBuildPhase section */

/* Begin PBXSourcesBuildPhase section */
		24FE14DE2004A7D800923E50 /* Sources */ = {
			isa = PBXSourcesBuildPhase;
			buildActionMask = 2147483647;
			files = (
				24FE14E82004A7D800923E50 /* ViewController.swift in Sources */,
				24FE14E62004A7D800923E50 /* AppDelegate.swift in Sources */,
			);
			runOnlyForDeploymentPostprocessing = 0;
		};
		24FE14F22004A7D800923E50 /* Sources */ = {
			isa = PBXSourcesBuildPhase;
			buildActionMask = 2147483647;
			files = (
				24FE14FB2004A7D800923E50 /* topUpNpTests.swift in Sources */,
			);
			runOnlyForDeploymentPostprocessing = 0;
		};
		24FE14FD2004A7D800923E50 /* Sources */ = {
			isa = PBXSourcesBuildPhase;
			buildActionMask = 2147483647;
			files = (
				24FE15062004A7D800923E50 /* topUpNpUITests.swift in Sources */,
			);
			runOnlyForDeploymentPostprocessing = 0;
		};
/* End PBXSourcesBuildPhase section */

/* Begin PBXTargetDependency section */
		24FE14F82004A7D800923E50 /* PBXTargetDependency */ = {
			isa = PBXTargetDependency;
			target = 24FE14E12004A7D800923E50 /* topUpNp */;
			targetProxy = 24FE14F72004A7D800923E50 /* PBXContainerItemProxy */;
		};
		24FE15032004A7D800923E50 /* PBXTargetDependency */ = {
			isa = PBXTargetDependency;
			target = 24FE14E12004A7D800923E50 /* topUpNp */;
			targetProxy = 24FE15022004A7D800923E50 /* PBXContainerItemProxy */;
		};
/* End PBXTargetDependency section */

/* Begin PBXVariantGroup section */
		24FE14E92004A7D800923E50 /* Main.storyboard */ = {
			isa = PBXVariantGroup;
			children = (
				24FE14EA2004A7D800923E50 /* Base */,
			);
			name = Main.storyboard;
			sourceTree = "<group>";
		};
		24FE14EE2004A7D800923E50 /* LaunchScreen.storyboard */ = {
			isa = PBXVariantGroup;
			children = (
				24FE14EF2004A7D800923E50 /* Base */,
			);
			name = LaunchScreen.storyboard;
			sourceTree = "<group>";
		};
/* End PBXVariantGroup section */

/* Begin XCBuildConfiguration section */
		24FE15082004A7D800923E50 /* Debug */ = {
			isa = XCBuildConfiguration;
			buildSettings = {
				ALWAYS_SEARCH_USER_PATHS = NO;
				CLANG_ANALYZER_NONNULL = YES;
				CLANG_ANALYZER_NUMBER_OBJECT_CONVERSION = YES_AGGRESSIVE;
				CLANG_CXX_LANGUAGE_STANDARD = "gnu++14";
				CLANG_CXX_LIBRARY = "libc++";
				CLANG_ENABLE_MODULES = YES;
				CLANG_ENABLE_OBJC_ARC = YES;
				CLANG_WARN_BLOCK_CAPTURE_AUTORELEASING = YES;
				CLANG_WARN_BOOL_CONVERSION = YES;
				CLANG_WARN_COMMA = YES;
				CLANG_WARN_CONSTANT_CONVERSION = YES;
				CLANG_WARN_DIRECT_OBJC_ISA_USAGE = YES_ERROR;
				CLANG_WARN_DOCUMENTATION_COMMENTS = YES;
				CLANG_WARN_EMPTY_BODY = YES;
				CLANG_WARN_ENUM_CONVERSION = YES;
				CLANG_WARN_INFINITE_RECURSION = YES;
				CLANG_WARN_INT_CONVERSION = YES;
				CLANG_WARN_NON_LITERAL_NULL_CONVERSION = YES;
				CLANG_WARN_OBJC_LITERAL_CONVERSION = YES;
				CLANG_WARN_OBJC_ROOT_CLASS = YES_ERROR;
				CLANG_WARN_RANGE_LOOP_ANALYSIS = YES;
				CLANG_WARN_STRICT_PROTOTYPES = YES;
				CLANG_WARN_SUSPICIOUS_MOVE = YES;
				CLANG_WARN_UNGUARDED_AVAILABILITY = YES_AGGRESSIVE;
				CLANG_WARN_UNREACHABLE_CODE = YES;
				CLANG_WARN__DUPLICATE_METHOD_MATCH = YES;
				CODE_SIGN_IDENTITY = "iPhone Developer";
				COPY_PHASE_STRIP = NO;
				DEBUG_INFORMATION_FORMAT = dwarf;
				ENABLE_STRICT_OBJC_MSGSEND = YES;
				ENABLE_TESTABILITY = YES;
				GCC_C_LANGUAGE_STANDARD = gnu11;
				GCC_DYNAMIC_NO_PIC = NO;
				GCC_NO_COMMON_BLOCKS = YES;
				GCC_OPTIMIZATION_LEVEL = 0;
				GCC_PREPROCESSOR_DEFINITIONS = (
					"DEBUG=1",
					"$(inherited)",
				);
				GCC_WARN_64_TO_32_BIT_CONVERSION = YES;
				GCC_WARN_ABOUT_RETURN_TYPE = YES_ERROR;
				GCC_WARN_UNDECLARED_SELECTOR = YES;
				GCC_WARN_UNINITIALIZED_AUTOS = YES_AGGRESSIVE;
				GCC_WARN_UNUSED_FUNCTION = YES;
				GCC_WARN_UNUSED_VARIABLE = YES;
				IPHONEOS_DEPLOYMENT_TARGET = 11.0;
				MTL_ENABLE_DEBUG_INFO = YES;
				ONLY_ACTIVE_ARCH = YES;
				SDKROOT = iphoneos;
				SWIFT_ACTIVE_COMPILATION_CONDITIONS = DEBUG;
				SWIFT_OPTIMIZATION_LEVEL = "-Onone";
			};
			name = Debug;
		};
		24FE15092004A7D800923E50 /* Release */ = {
			isa = XCBuildConfiguration;
			buildSettings = {
				ALWAYS_SEARCH_USER_PATHS = NO;
				CLANG_ANALYZER_NONNULL = YES;
				CLANG_ANALYZER_NUMBER_OBJECT_CONVERSION = YES_AGGRESSIVE;
				CLANG_CXX_LANGUAGE_STANDARD = "gnu++14";
				CLANG_CXX_LIBRARY = "libc++";
				CLANG_ENABLE_MODULES = YES;
				CLANG_ENABLE_OBJC_ARC = YES;
				CLANG_WARN_BLOCK_CAPTURE_AUTORELEASING = YES;
				CLANG_WARN_BOOL_CONVERSION = YES;
				CLANG_WARN_COMMA = YES;
				CLANG_WARN_CONSTANT_CONVERSION = YES;
				CLANG_WARN_DIRECT_OBJC_ISA_USAGE = YES_ERROR;
				CLANG_WARN_DOCUMENTATION_COMMENTS = YES;
				CLANG_WARN_EMPTY_BODY = YES;
				CLANG_WARN_ENUM_CONVERSION = YES;
				CLANG_WARN_INFINITE_RECURSION = YES;
				CLANG_WARN_INT_CONVERSION = YES;
				CLANG_WARN_NON_LITERAL_NULL_CONVERSION = YES;
				CLANG_WARN_OBJC_LITERAL_CONVERSION = YES;
				CLANG_WARN_OBJC_ROOT_CLASS = YES_ERROR;
				CLANG_WARN_RANGE_LOOP_ANALYSIS = YES;
				CLANG_WARN_STRICT_PROTOTYPES = YES;
				CLANG_WARN_SUSPICIOUS_MOVE = YES;
				CLANG_WARN_UNGUARDED_AVAILABILITY = YES_AGGRESSIVE;
				CLANG_WARN_UNREACHABLE_CODE = YES;
				CLANG_WARN__DUPLICATE_METHOD_MATCH = YES;
				CODE_SIGN_IDENTITY = "iPhone Developer";
				COPY_PHASE_STRIP = NO;
				DEBUG_INFORMATION_FORMAT = "dwarf-with-dsym";
				ENABLE_NS_ASSERTIONS = NO;
				ENABLE_STRICT_OBJC_MSGSEND = YES;
				GCC_C_LANGUAGE_STANDARD = gnu11;
				GCC_NO_COMMON_BLOCKS = YES;
				GCC_WARN_64_TO_32_BIT_CONVERSION = YES;
				GCC_WARN_ABOUT_RETURN_TYPE = YES_ERROR;
				GCC_WARN_UNDECLARED_SELECTOR = YES;
				GCC_WARN_UNINITIALIZED_AUTOS = YES_AGGRESSIVE;
				GCC_WARN_UNUSED_FUNCTION = YES;
				GCC_WARN_UNUSED_VARIABLE = YES;
				IPHONEOS_DEPLOYMENT_TARGET = 11.0;
				MTL_ENABLE_DEBUG_INFO = NO;
				SDKROOT = iphoneos;
				SWIFT_OPTIMIZATION_LEVEL = "-Owholemodule";
				VALIDATE_PRODUCT = YES;
			};
			name = Release;
		};
		24FE150B2004A7D800923E50 /* Debug */ = {
			isa = XCBuildConfiguration;
			buildSettings = {
				ASSETCATALOG_COMPILER_APPICON_NAME = AppIcon;
				CODE_SIGN_STYLE = Automatic;
				DEVELOPMENT_TEAM = 8FVUQ89F2G;
				INFOPLIST_FILE = topUpNp/Info.plist;
				LD_RUNPATH_SEARCH_PATHS = "$(inherited) @executable_path/Frameworks";
				PRODUCT_BUNDLE_IDENTIFIER = com.rojan.topUpNp;
				PRODUCT_NAME = "$(TARGET_NAME)";
				SWIFT_VERSION = 4.0;
				TARGETED_DEVICE_FAMILY = "1,2";
			};
			name = Debug;
		};
		24FE150C2004A7D800923E50 /* Release */ = {
			isa = XCBuildConfiguration;
			buildSettings = {
				ASSETCATALOG_COMPILER_APPICON_NAME = AppIcon;
				CODE_SIGN_STYLE = Automatic;
				DEVELOPMENT_TEAM = 8FVUQ89F2G;
				INFOPLIST_FILE = topUpNp/Info.plist;
				LD_RUNPATH_SEARCH_PATHS = "$(inherited) @executable_path/Frameworks";
				PRODUCT_BUNDLE_IDENTIFIER = com.rojan.topUpNp;
				PRODUCT_NAME = "$(TARGET_NAME)";
				SWIFT_VERSION = 4.0;
				TARGETED_DEVICE_FAMILY = "1,2";
			};
			name = Release;
		};
		24FE150E2004A7D800923E50 /* Debug */ = {
			isa = XCBuildConfiguration;
			buildSettings = {
				ALWAYS_EMBED_SWIFT_STANDARD_LIBRARIES = YES;
				BUNDLE_LOADER = "$(TEST_HOST)";
				CODE_SIGN_STYLE = Automatic;
				DEVELOPMENT_TEAM = 8FVUQ89F2G;
				INFOPLIST_FILE = topUpNpTests/Info.plist;
				LD_RUNPATH_SEARCH_PATHS = "$(inherited) @executable_path/Frameworks @loader_path/Frameworks";
				PRODUCT_BUNDLE_IDENTIFIER = com.rojan.topUpNpTests;
				PRODUCT_NAME = "$(TARGET_NAME)";
				SWIFT_VERSION = 4.0;
				TARGETED_DEVICE_FAMILY = "1,2";
				TEST_HOST = "$(BUILT_PRODUCTS_DIR)/topUpNp.app/topUpNp";
			};
			name = Debug;
		};
		24FE150F2004A7D800923E50 /* Release */ = {
			isa = XCBuildConfiguration;
			buildSettings = {
				ALWAYS_EMBED_SWIFT_STANDARD_LIBRARIES = YES;
				BUNDLE_LOADER = "$(TEST_HOST)";
				CODE_SIGN_STYLE = Automatic;
				DEVELOPMENT_TEAM = 8FVUQ89F2G;
				INFOPLIST_FILE = topUpNpTests/Info.plist;
				LD_RUNPATH_SEARCH_PATHS = "$(inherited) @executable_path/Frameworks @loader_path/Frameworks";
				PRODUCT_BUNDLE_IDENTIFIER = com.rojan.topUpNpTests;
				PRODUCT_NAME = "$(TARGET_NAME)";
				SWIFT_VERSION = 4.0;
				TARGETED_DEVICE_FAMILY = "1,2";
				TEST_HOST = "$(BUILT_PRODUCTS_DIR)/topUpNp.app/topUpNp";
			};
			name = Release;
		};
		24FE15112004A7D800923E50 /* Debug */ = {
			isa = XCBuildConfiguration;
			buildSettings = {
				ALWAYS_EMBED_SWIFT_STANDARD_LIBRARIES = YES;
				CODE_SIGN_STYLE = Automatic;
				DEVELOPMENT_TEAM = 8FVUQ89F2G;
				INFOPLIST_FILE = topUpNpUITests/Info.plist;
				LD_RUNPATH_SEARCH_PATHS = "$(inherited) @executable_path/Frameworks @loader_path/Frameworks";
				PRODUCT_BUNDLE_IDENTIFIER = com.rojan.topUpNpUITests;
				PRODUCT_NAME = "$(TARGET_NAME)";
				SWIFT_VERSION = 4.0;
				TARGETED_DEVICE_FAMILY = "1,2";
				TEST_TARGET_NAME = topUpNp;
			};
			name = Debug;
		};
		24FE15122004A7D800923E50 /* Release */ = {
			isa = XCBuildConfiguration;
			buildSettings = {
				ALWAYS_EMBED_SWIFT_STANDARD_LIBRARIES = YES;
				CODE_SIGN_STYLE = Automatic;
				DEVELOPMENT_TEAM = 8FVUQ89F2G;
				INFOPLIST_FILE = topUpNpUITests/Info.plist;
				LD_RUNPATH_SEARCH_PATHS = "$(inherited) @executable_path/Frameworks @loader_path/Frameworks";
				PRODUCT_BUNDLE_IDENTIFIER = com.rojan.topUpNpUITests;
				PRODUCT_NAME = "$(TARGET_NAME)";
				SWIFT_VERSION = 4.0;
				TARGETED_DEVICE_FAMILY = "1,2";
				TEST_TARGET_NAME = topUpNp;
			};
			name = Release;
		};
/* End XCBuildConfiguration section */

/* Begin XCConfigurationList section */
		24FE14DD2004A7D800923E50 /* Build configuration list for PBXProject "topUpNp" */ = {
			isa = XCConfigurationList;
			buildConfigurations = (
				24FE15082004A7D800923E50 /* Debug */,
				24FE15092004A7D800923E50 /* Release */,
			);
			defaultConfigurationIsVisible = 0;
			defaultConfigurationName = Release;
		};
		24FE150A2004A7D800923E50 /* Build configuration list for PBXNativeTarget "topUpNp" */ = {
			isa = XCConfigurationList;
			buildConfigurations = (
				24FE150B2004A7D800923E50 /* Debug */,
				24FE150C2004A7D800923E50 /* Release */,
			);
			defaultConfigurationIsVisible = 0;
			defaultConfigurationName = Release;
		};
		24FE150D2004A7D800923E50 /* Build configuration list for PBXNativeTarget "topUpNpTests" */ = {
			isa = XCConfigurationList;
			buildConfigurations = (
				24FE150E2004A7D800923E50 /* Debug */,
				24FE150F2004A7D800923E50 /* Release */,
			);
			defaultConfigurationIsVisible = 0;
			defaultConfigurationName = Release;
		};
		24FE15102004A7D800923E50 /* Build configuration list for PBXNativeTarget "topUpNpUITests" */ = {
			isa = XCConfigurationList;
			buildConfigurations = (
				24FE15112004A7D800923E50 /* Debug */,
				24FE15122004A7D800923E50 /* Release */,
			);
			defaultConfigurationIsVisible = 0;
			defaultConfigurationName = Release;
		};
/* End XCConfigurationList section */
	};
	rootObject = 24FE14DA2004A7D800923E50 /* Project object */;
}
